
Microsoft Visual Studio Solution File, Format Version 12.00
# Visual Studio Version 17
VisualStudioVersion = 17.1.32407.343
MinimumVisualStudioVersion = 10.0.40219.1
Project("{FAE04EC0-301F-11D3-BF4B-00C04F79EFBC}") = "LeaveManagement", "LeaveManagement\LeaveManagement.csproj", "{C98A55BF-9A18-41A2-A2C5-AD9EE2353FA3}"
EndProject
Global
	GlobalSection(SolutionConfigurationPlatforms) = preSolution
		Debug|Any CPU = Debug|Any CPU
		Release|Any CPU = Release|Any CPU
	EndGlobalSection
	GlobalSection(ProjectConfigurationPlatforms) = postSolution
		{C98A55BF-9A18-41A2-A2C5-AD9EE2353FA3}.Debug|Any CPU.ActiveCfg = Debug|Any CPU
		{C98A55BF-9A18-41A2-A2C5-AD9EE2353FA3}.Debug|Any CPU.Build.0 = Debug|Any CPU
		{C98A55BF-9A18-41A2-A2C5-AD9EE2353FA3}.Release|Any CPU.ActiveCfg = Release|Any CPU
		{C98A55BF-9A18-41A2-A2C5-AD9EE2353FA3}.Release|Any CPU.Build.0 = Release|Any CPU
	EndGlobalSection
	GlobalSection(SolutionProperties) = preSolution
		HideSolutionNode = FALSE
	EndGlobalSection
	GlobalSection(ExtensibilityGlobals) = postSolution
		SolutionGuid = {3FFD1C7D-AC94-440E-84C7-1877F4BEA439}
	EndGlobalSection
EndGlobal
